[[package]]
name = "cqrs"
version = "0.1.0"
dependencies = [
 "rustc_version 0.2.1 (registry+https://github.com/rust-lang/crates.io-index)",
 "smallvec 0.6.0 (registry+https://github.com/rust-lang/crates.io-index)",
]

[[package]]
name = "cqrs-memory"
version = "0.1.0"
dependencies = [
 "cqrs 0.1.0",
 "cqrs-todo-core 0.1.0",
 "fnv 1.0.6 (registry+https://github.com/rust-lang/crates.io-index)",
]

[[package]]
name = "cqrs-todo-core"
version = "0.1.0"
dependencies = [
 "cqrs 0.1.0",
 "smallvec 0.6.0 (registry+https://github.com/rust-lang/crates.io-index)",
]

[[package]]
name = "fnv"
version = "1.0.6"
source = "registry+https://github.com/rust-lang/crates.io-index"

[[package]]
name = "rustc_version"
version = "0.2.1"
source = "registry+https://github.com/rust-lang/crates.io-index"
dependencies = [
 "semver 0.6.0 (registry+https://github.com/rust-lang/crates.io-index)",
]

[[package]]
name = "semver"
version = "0.6.0"
source = "registry+https://github.com/rust-lang/crates.io-index"
dependencies = [
 "semver-parser 0.7.0 (registry+https://github.com/rust-lang/crates.io-index)",
]

[[package]]
name = "semver-parser"
version = "0.7.0"
source = "registry+https://github.com/rust-lang/crates.io-index"

[[package]]
name = "smallvec"
version = "0.6.0"
source = "registry+https://github.com/rust-lang/crates.io-index"

[metadata]
"checksum fnv 1.0.6 (registry+https://github.com/rust-lang/crates.io-index)" = "2fad85553e09a6f881f739c29f0b00b0f01357c743266d478b68951ce23285f3"
"checksum rustc_version 0.2.1 (registry+https://github.com/rust-lang/crates.io-index)" = "b9743a7670d88d5d52950408ecdb7c71d8986251ab604d4689dd2ca25c9bca69"
"checksum semver 0.6.0 (registry+https://github.com/rust-lang/crates.io-index)" = "7a3186ec9e65071a2095434b1f5bb24838d4e8e130f584c790f6033c79943537"
"checksum semver-parser 0.7.0 (registry+https://github.com/rust-lang/crates.io-index)" = "388a1df253eca08550bef6c72392cfe7c30914bf41df5269b68cbd6ff8f570a3"
"checksum smallvec 0.6.0 (registry+https://github.com/rust-lang/crates.io-index)" = "44db0ecb22921ef790d17ae13a3f6d15784183ff5f2a01aa32098c7498d2b4b9"
